
Microsoft Visual Studio Solution File, Format Version 12.00
# Visual Studio Version 17
VisualStudioVersion = 17.5.001.0
MinimumVisualStudioVersion = 10.0.40219.1
Project("{9A19103F-16F7-4668-BE54-9A1E7A4F7556}") = "IT327Projects", "IT327Projects.csproj", "{66BDC2C1-86A8-4DC3-94EB-1B8F0384C76E}"
EndProject
Global
	GlobalSection(SolutionConfigurationPlatforms) = preSolution
		Debug|Any CPU = Debug|Any CPU
		Release|Any CPU = Release|Any CPU
	EndGlobalSection
	GlobalSection(ProjectConfigurationPlatforms) = postSolution
		{66BDC2C1-86A8-4DC3-94EB-1B8F0384C76E}.Debug|Any CPU.ActiveCfg = Debug|Any CPU
		{66BDC2C1-86A8-4DC3-94EB-1B8F0384C76E}.Debug|Any CPU.Build.0 = Debug|Any CPU
		{66BDC2C1-86A8-4DC3-94EB-1B8F0384C76E}.Release|Any CPU.ActiveCfg = Release|Any CPU
		{66BDC2C1-86A8-4DC3-94EB-1B8F0384C76E}.Release|Any CPU.Build.0 = Release|Any CPU
	EndGlobalSection
	GlobalSection(SolutionProperties) = preSolution
		HideSolutionNode = FALSE
	EndGlobalSection
	GlobalSection(ExtensibilityGlobals) = postSolution
		SolutionGuid = {2BA2A24E-908F-426A-9B0C-827A5E1D41AB}
	EndGlobalSection
EndGlobal
