
Microsoft Visual Studio Solution File, Format Version 12.00
# Visual Studio Version 17
VisualStudioVersion = 17.5.002.0
MinimumVisualStudioVersion = 10.0.40219.1
Project("{9A19103F-16F7-4668-BE54-9A1E7A4F7556}") = "HelloWorld", "HelloWorld\HelloWorld.csproj", "{DA7030DC-0261-4276-A93A-80CC700DF490}"
EndProject
Global
	GlobalSection(SolutionConfigurationPlatforms) = preSolution
		Debug|Any CPU = Debug|Any CPU
		Release|Any CPU = Release|Any CPU
	EndGlobalSection
	GlobalSection(ProjectConfigurationPlatforms) = postSolution
		{DA7030DC-0261-4276-A93A-80CC700DF490}.Debug|Any CPU.ActiveCfg = Debug|Any CPU
		{DA7030DC-0261-4276-A93A-80CC700DF490}.Debug|Any CPU.Build.0 = Debug|Any CPU
		{DA7030DC-0261-4276-A93A-80CC700DF490}.Release|Any CPU.ActiveCfg = Release|Any CPU
		{DA7030DC-0261-4276-A93A-80CC700DF490}.Release|Any CPU.Build.0 = Release|Any CPU
	EndGlobalSection
	GlobalSection(SolutionProperties) = preSolution
		HideSolutionNode = FALSE
	EndGlobalSection
	GlobalSection(ExtensibilityGlobals) = postSolution
		SolutionGuid = {6D3B999C-D823-43FD-B5FC-8B5B9ED5A2D8}
	EndGlobalSection
EndGlobal
